
Microsoft Visual Studio Solution File, Format Version 12.00
# Visual Studio Version 16
VisualStudioVersion = 16.0.34601.136
MinimumVisualStudioVersion = 10.0.40219.1
Project("{FAE04EC0-301F-11D3-BF4B-00C04F79EFBC}") = "WcfService5", "WcfService5.csproj", "{C66BB7BE-AB4D-4983-9DF2-83BDD030A523}"
EndProject
Global
	GlobalSection(SolutionConfigurationPlatforms) = preSolution
		Debug|Any CPU = Debug|Any CPU
		Release|Any CPU = Release|Any CPU
	EndGlobalSection
	GlobalSection(ProjectConfigurationPlatforms) = postSolution
		{C66BB7BE-AB4D-4983-9DF2-83BDD030A523}.Debug|Any CPU.ActiveCfg = Debug|Any CPU
		{C66BB7BE-AB4D-4983-9DF2-83BDD030A523}.Debug|Any CPU.Build.0 = Debug|Any CPU
		{C66BB7BE-AB4D-4983-9DF2-83BDD030A523}.Release|Any CPU.ActiveCfg = Release|Any CPU
		{C66BB7BE-AB4D-4983-9DF2-83BDD030A523}.Release|Any CPU.Build.0 = Release|Any CPU
	EndGlobalSection
	GlobalSection(SolutionProperties) = preSolution
		HideSolutionNode = FALSE
	EndGlobalSection
	GlobalSection(ExtensibilityGlobals) = postSolution
		SolutionGuid = {9AB79211-CAA9-4A9E-AC5D-7663F975C906}
	EndGlobalSection
EndGlobal
